uuid: 5260f28b-3182-4e99-a043-ffe21a3037e9
langcode: en
status: true
dependencies:
  module:
    - userform
  theme:
    - bartik
id: customblock
theme: bartik
region: sidebar_second
weight: -9
provider: null
plugin: article_block
settings:
  id: article_block
  label: 'Custom Block'
  provider: userform
  label_display: visible
visibility: {  }
